
Microsoft Visual Studio Solution File, Format Version 12.00
# Visual Studio Version 17
VisualStudioVersion = 17.9.34714.143
MinimumVisualStudioVersion = 10.0.40219.1
Project("{FAE04EC0-301F-11D3-BF4B-00C04F79EFBC}") = "Task 1", "Task 1\Task 1.csproj", "{79FB5265-D642-4F6B-9D0F-EC8F2EE11C18}"
EndProject
Global
	GlobalSection(SolutionConfigurationPlatforms) = preSolution
		Debug|Any CPU = Debug|Any CPU
		Release|Any CPU = Release|Any CPU
	EndGlobalSection
	GlobalSection(ProjectConfigurationPlatforms) = postSolution
		{79FB5265-D642-4F6B-9D0F-EC8F2EE11C18}.Debug|Any CPU.ActiveCfg = Debug|Any CPU
		{79FB5265-D642-4F6B-9D0F-EC8F2EE11C18}.Debug|Any CPU.Build.0 = Debug|Any CPU
		{79FB5265-D642-4F6B-9D0F-EC8F2EE11C18}.Release|Any CPU.ActiveCfg = Release|Any CPU
		{79FB5265-D642-4F6B-9D0F-EC8F2EE11C18}.Release|Any CPU.Build.0 = Release|Any CPU
	EndGlobalSection
	GlobalSection(SolutionProperties) = preSolution
		HideSolutionNode = FALSE
	EndGlobalSection
	GlobalSection(ExtensibilityGlobals) = postSolution
		SolutionGuid = {9C804FE1-54C8-477E-8ABB-59D62C228BC9}
	EndGlobalSection
EndGlobal
